<?xml version="1.0" encoding="utf-8"?>
<Project ToolsVersion="4.0" xmlns="http://schemas.microsoft.com/developer/msbuild/2003">
  <ItemGroup>
    <Filter Include="OpenGLCore">
      <UniqueIdentifier>{3788727f-5358-46e3-9b4c-2a3c4ab91000}</UniqueIdentifier>
    </Filter>
    <Filter Include="MainCode">
      <UniqueIdentifier>{5399a3d9-c720-414b-a7b5-444997575df8}</UniqueIdentifier>
    </Filter>
    <Filter Include="No_Depend">
      <UniqueIdentifier>{7e90c0a2-6d07-49e9-8ce6-9b879cef0493}</UniqueIdentifier>
    </Filter>
    <Filter Include="objloader">
      <UniqueIdentifier>{a98b58d1-8f74-457f-aa95-c8e792c1529f}</UniqueIdentifier>
    </Filter>
  </ItemGroup>
  <ItemGroup>
    <ClCompile Include="..\Code\GLRenderer.cpp">
      <Filter>OpenGLCore</Filter>
    </ClCompile>
    <ClCompile Include="..\Code\Main.cpp">
      <Filter>MainCode</Filter>
    </ClCompile>
  </ItemGroup>
  <ItemGroup>
    <ClInclude Include="..\Code\GLRenderer.h">
      <Filter>OpenGLCore</Filter>
    </ClInclude>
    <ClInclude Include="..\Code\resource.h">
      <Filter>No_Depend</Filter>
    </ClInclude>
  </ItemGroup>
</Project>